{
  "name": "@htmltrust/browser-client",
  "version": "0.1.2",
  "lockfileVersion": 3,
  "requires": true,
  "packages": {
    "": {
      "name": "@htmltrust/browser-client",
      "version": "0.1.2",
      "license": "LicenseRef-PolyForm-Noncommercial-1.0.0",
      "dependencies": {
        "@htmltrust/canonicalization": "https://github.com/HTMLTrust/htmltrust-canonicalization/archive/refs/tags/v0.2.2.tar.gz"
      },
      "devDependencies": {
        "typescript": "^5.5.0"
      },
      "peerDependencies": {
        "@htmltrust/canonicalization": "^0.2.2"
      }
    },
    "node_modules/@htmltrust/canonicalization": {
      "version": "0.2.2",
      "resolved": "https://github.com/HTMLTrust/htmltrust-canonicalization/archive/refs/tags/v0.2.2.tar.gz",
      "integrity": "sha512-qKOx4PipywaLx3R/Bc6S+IWSZZhD/DQ4LQaPC7bHREq40iRIjeVkkSSrHFp2cTyqdPvsPZF2ufvT5YUz9II8RA==",
      "license": "LicenseRef-PolyForm-Noncommercial-1.0.0"
    },
    "node_modules/typescript": {
      "version": "5.9.3",
      "resolved": "https://registry.npmjs.org/typescript/-/typescript-5.9.3.tgz",
      "integrity": "sha512-jl1vZzPDinLr9eUt3J/t7V6FgNEw9QjvBPdysz9KfQDD41fQrC2Y4vKQdiaUpFT4bXlb1RHhLpp8wtm6M5TgSw==",
      "dev": true,
      "license": "Apache-2.0",
      "bin": {
        "tsc": "bin/tsc",
        "tsserver": "bin/tsserver"
      },
      "engines": {
        "node": ">=14.17"
      }
    }
  }
}
